version = 1
revision = 3
requires-python = ">=3.13"

[[package]]
name = "django-birthday20"
version = "0.1.0"
source = { virtual = "." }
dependencies = [
    { name = "hugo" },
]

[package.metadata]
requires-dist = [{ name = "hugo", specifier = "==0.148.2" }]

[[package]]
name = "hugo"
version = "0.148.2"
source = { registry = "https://pypi.org/simple" }
sdist = { url = "https://files.pythonhosted.org/packages/ba/66/b3c3117a9c9cb91b29ff1df6084a3a248102b6a433fa2e668ae5ae354e37/hugo-0.148.2.tar.gz", hash = "sha256:cc2cca41af5af41260640f6b4250007c12510edf5dc36b651c5ccac6aed3b254", size = 30677, upload-time = "2025-07-27T14:15:05.479Z" }
wheels = [
    { url = "https://files.pythonhosted.org/packages/90/88/b73a6e966a0e0317b1a31634bdb62978dae6f3f00fd21b75f0924038bc42/hugo-0.148.2-py3-none-macosx_10_13_x86_64.whl", hash = "sha256:107f59b6c6c56b4a69b1ff2b9bd25cacd34d2d74404cf1acfffcd3d2d629687f", size = 27932474, upload-time = "2025-07-27T14:14:35.568Z" },
    { url = "https://files.pythonhosted.org/packages/51/6b/552e5817561ead36b7cecbe912de09447e5fecd0267a6b99ced25c69502e/hugo-0.148.2-py3-none-macosx_11_0_arm64.whl", hash = "sha256:dc7fba97f06cfa5c61ee4b10f5539fc2a8be7060ada72f2afcafe66f97271600", size = 26317785, upload-time = "2025-07-27T14:14:40.075Z" },
    { url = "https://files.pythonhosted.org/packages/8f/fd/1a8b4f3476f19d641cd736b2d26cb95cc3cab82e617a0885fabf55ba0ffe/hugo-0.148.2-py3-none-manylinux_2_17_aarch64.manylinux2014_aarch64.whl", hash = "sha256:5922fb07297c3d67fb9fa376da84938587fc6d9730c5299fd21cc852c3e89bfb", size = 25465034, upload-time = "2025-07-27T14:14:43.349Z" },
    { url = "https://files.pythonhosted.org/packages/11/45/0371de401619c430407c792182c2855c8be81c6d87f797d320202e7ccfc2/hugo-0.148.2-py3-none-manylinux_2_17_ppc64le.manylinux2014_ppc64le.whl", hash = "sha256:dd1881e589eef1240f8823d0060dc8b807942becc07b374ef1992c476946a03f", size = 24547428, upload-time = "2025-07-27T14:14:46.316Z" },
    { url = "https://files.pythonhosted.org/packages/57/a4/6d05f284e9181ecf3c31fd836e54c34bb3b15119b619e45babefda9f5ed1/hugo-0.148.2-py3-none-manylinux_2_17_s390x.manylinux2014_s390x.whl", hash = "sha256:51c485e3f5e76969eabf32c986d4960e2a876ad6244897fb0b245d4daafb07c1", size = 27064425, upload-time = "2025-07-27T14:14:49.62Z" },
    { url = "https://files.pythonhosted.org/packages/24/20/c25e58d09f97a6f94265489f0143f6b18f72a41984ff630b42b4a668ab0e/hugo-0.148.2-py3-none-manylinux_2_17_x86_64.manylinux2014_x86_64.whl", hash = "sha256:0d72072102b60bc86dc136d103e4985746b60b6135ff78579d51303a4cc85cc3", size = 27812483, upload-time = "2025-07-27T14:14:53.012Z" },
    { url = "https://files.pythonhosted.org/packages/48/c8/61b920b3e78b7f8597b83d388a0138ca695ad47648d55689a12f656edad4/hugo-0.148.2-py3-none-win32.whl", hash = "sha256:7343c3cb7579b639b430db51633c70e1baa0a89a64e91d6ee851b494ad9fee78", size = 26344741, upload-time = "2025-07-27T14:14:56.117Z" },
    { url = "https://files.pythonhosted.org/packages/15/ea/6c78367239b0bea187a6bf1013590df7fc2d91defc75eb9d1d7712b14bf4/hugo-0.148.2-py3-none-win_amd64.whl", hash = "sha256:81e19647698a6ff4ed85b662d2177a3e29d15a58b1a36d2c6a3edcf22b8e8834", size = 28654017, upload-time = "2025-07-27T14:14:59.573Z" },
    { url = "https://files.pythonhosted.org/packages/f6/b0/758ae4e53a966d1fad3598781ebccfda6e87dd9d6f5821a68d481cc7451b/hugo-0.148.2-py3-none-win_arm64.whl", hash = "sha256:cefdfab30be80c22ad25974ce4d9dc04fb92a5de4a00ff4c4381e54fc3ccfca2", size = 25715651, upload-time = "2025-07-27T14:15:02.551Z" },
]
